// !$*UTF8*$!
{
	archiveVersion = 1;
	classes = {
	};
	objectVersion = 46;
	objects = {

/* Begin PBXBuildFile section */
		24935B95192568A4006FE2FB /* Foundation.framework in Frameworks */ = {isa = PBXBuildFile; fileRef = 24935B94192568A4006FE2FB /* Foundation.framework */; };
		24935B97192568A4006FE2FB /* CoreGraphics.framework in Frameworks */ = {isa = PBXBuildFile; fileRef = 24935B96192568A4006FE2FB /* CoreGraphics.framework */; };
		24935B99192568A4006FE2FB /* UIKit.framework in Frameworks */ = {isa = PBXBuildFile; fileRef = 24935B98192568A4006FE2FB /* UIKit.framework */; };
		24935B9F192568A4006FE2FB /* InfoPlist.strings in Resources */ = {isa = PBXBuildFile; fileRef = 24935B9D192568A4006FE2FB /* InfoPlist.strings */; };
		24935BA1192568A4006FE2FB /* main.m in Sources */ = {isa = PBXBuildFile; fileRef = 24935BA0192568A4006FE2FB /* main.m */; };
		24935BA5192568A5006FE2FB /* MRCAppDelegate.m in Sources */ = {isa = PBXBuildFile; fileRef = 24935BA4192568A5006FE2FB /* MRCAppDelegate.m */; };
		24935BA8192568A5006FE2FB /* Main.storyboard in Resources */ = {isa = PBXBuildFile; fileRef = 24935BA6192568A5006FE2FB /* Main.storyboard */; };
		24935BAB192568A5006FE2FB /* MRCViewController.m in Sources */ = {isa = PBXBuildFile; fileRef = 24935BAA192568A5006FE2FB /* MRCViewController.m */; };
		24935BAD192568A5006FE2FB /* Images.xcassets in Resources */ = {isa = PBXBuildFile; fileRef = 24935BAC192568A5006FE2FB /* Images.xcassets */; };
		24935BB4192568A5006FE2FB /* XCTest.framework in Frameworks */ = {isa = PBXBuildFile; fileRef = 24935BB3192568A5006FE2FB /* XCTest.framework */; };
		24935BB5192568A5006FE2FB /* Foundation.framework in Frameworks */ = {isa = PBXBuildFile; fileRef = 24935B94192568A4006FE2FB /* Foundation.framework */; };
		24935BB6192568A5006FE2FB /* UIKit.framework in Frameworks */ = {isa = PBXBuildFile; fileRef = 24935B98192568A4006FE2FB /* UIKit.framework */; };
		24935BBE192568A5006FE2FB /* InfoPlist.strings in Resources */ = {isa = PBXBuildFile; fileRef = 24935BBC192568A5006FE2FB /* InfoPlist.strings */; };
		24935BC0192568A5006FE2FB /* polishMathTests.m in Sources */ = {isa = PBXBuildFile; fileRef = 24935BBF192568A5006FE2FB /* polishMathTests.m */; };
		24935BCB19256903006FE2FB /* MRCPolishCalculator.m in Sources */ = {isa = PBXBuildFile; fileRef = 24935BCA19256903006FE2FB /* MRCPolishCalculator.m */; };
		24935BCC19256903006FE2FB /* MRCPolishCalculator.m in Sources */ = {isa = PBXBuildFile; fileRef = 24935BCA19256903006FE2FB /* MRCPolishCalculator.m */; };
/* End PBXBuildFile section */

/* Begin PBXContainerItemProxy section */
		24935BB7192568A5006FE2FB /* PBXContainerItemProxy */ = {
			isa = PBXContainerItemProxy;
			containerPortal = 24935B89192568A4006FE2FB /* Project object */;
			proxyType = 1;
			remoteGlobalIDString = 24935B90192568A4006FE2FB;
			remoteInfo = polishMath;
		};
/* End PBXContainerItemProxy section */

/* Begin PBXFileReference section */
		24935B91192568A4006FE2FB /* polishMath.app */ = {isa = PBXFileReference; explicitFileType = wrapper.application; includeInIndex = 0; path = polishMath.app; sourceTree = BUILT_PRODUCTS_DIR; };
		24935B94192568A4006FE2FB /* Foundation.framework */ = {isa = PBXFileReference; lastKnownFileType = wrapper.framework; name = Foundation.framework; path = System/Library/Frameworks/Foundation.framework; sourceTree = SDKROOT; };
		24935B96192568A4006FE2FB /* CoreGraphics.framework */ = {isa = PBXFileReference; lastKnownFileType = wrapper.framework; name = CoreGraphics.framework; path = System/Library/Frameworks/CoreGraphics.framework; sourceTree = SDKROOT; };
		24935B98192568A4006FE2FB /* UIKit.framework */ = {isa = PBXFileReference; lastKnownFileType = wrapper.framework; name = UIKit.framework; path = System/Library/Frameworks/UIKit.framework; sourceTree = SDKROOT; };
		24935B9C192568A4006FE2FB /* polishMath-Info.plist */ = {isa = PBXFileReference; lastKnownFileType = text.plist.xml; path = "polishMath-Info.plist"; sourceTree = "<group>"; };
		24935B9E192568A4006FE2FB /* en */ = {isa = PBXFileReference; lastKnownFileType = text.plist.strings; name = en; path = en.lproj/InfoPlist.strings; sourceTree = "<group>"; };
		24935BA0192568A4006FE2FB /* main.m */ = {isa = PBXFileReference; lastKnownFileType = sourcecode.c.objc; path = main.m; sourceTree = "<group>"; };
		24935BA2192568A4006FE2FB /* polishMath-Prefix.pch */ = {isa = PBXFileReference; lastKnownFileType = sourcecode.c.h; path = "polishMath-Prefix.pch"; sourceTree = "<group>"; };
		24935BA3192568A4006FE2FB /* MRCAppDelegate.h */ = {isa = PBXFileReference; lastKnownFileType = sourcecode.c.h; path = MRCAppDelegate.h; sourceTree = "<group>"; };
		24935BA4192568A5006FE2FB /* MRCAppDelegate.m */ = {isa = PBXFileReference; lastKnownFileType = sourcecode.c.objc; path = MRCAppDelegate.m; sourceTree = "<group>"; };
		24935BA7192568A5006FE2FB /* Base */ = {isa = PBXFileReference; lastKnownFileType = file.storyboard; name = Base; path = Base.lproj/Main.storyboard; sourceTree = "<group>"; };
		24935BA9192568A5006FE2FB /* MRCViewController.h */ = {isa = PBXFileReference; lastKnownFileType = sourcecode.c.h; path = MRCViewController.h; sourceTree = "<group>"; };
		24935BAA192568A5006FE2FB /* MRCViewController.m */ = {isa = PBXFileReference; lastKnownFileType = sourcecode.c.objc; path = MRCViewController.m; sourceTree = "<group>"; };
		24935BAC192568A5006FE2FB /* Images.xcassets */ = {isa = PBXFileReference; lastKnownFileType = folder.assetcatalog; path = Images.xcassets; sourceTree = "<group>"; };
		24935BB2192568A5006FE2FB /* polishMathTests.xctest */ = {isa = PBXFileReference; explicitFileType = wrapper.cfbundle; includeInIndex = 0; path = polishMathTests.xctest; sourceTree = BUILT_PRODUCTS_DIR; };
		24935BB3192568A5006FE2FB /* XCTest.framework */ = {isa = PBXFileReference; lastKnownFileType = wrapper.framework; name = XCTest.framework; path = Library/Frameworks/XCTest.framework; sourceTree = DEVELOPER_DIR; };
		24935BBB192568A5006FE2FB /* polishMathTests-Info.plist */ = {isa = PBXFileReference; lastKnownFileType = text.plist.xml; path = "polishMathTests-Info.plist"; sourceTree = "<group>"; };
		24935BBD192568A5006FE2FB /* en */ = {isa = PBXFileReference; lastKnownFileType = text.plist.strings; name = en; path = en.lproj/InfoPlist.strings; sourceTree = "<group>"; };
		24935BBF192568A5006FE2FB /* polishMathTests.m */ = {isa = PBXFileReference; lastKnownFileType = sourcecode.c.objc; path = polishMathTests.m; sourceTree = "<group>"; };
		24935BC919256903006FE2FB /* MRCPolishCalculator.h */ = {isa = PBXFileReference; fileEncoding = 4; lastKnownFileType = sourcecode.c.h; path = MRCPolishCalculator.h; sourceTree = "<group>"; };
		24935BCA19256903006FE2FB /* MRCPolishCalculator.m */ = {isa = PBXFileReference; fileEncoding = 4; lastKnownFileType = sourcecode.c.objc; path = MRCPolishCalculator.m; sourceTree = "<group>"; };
/* End PBXFileReference section */

/* Begin PBXFrameworksBuildPhase section */
		24935B8E192568A4006FE2FB /* Frameworks */ = {
			isa = PBXFrameworksBuildPhase;
			buildActionMask = 2147483647;
			files = (
				24935B97192568A4006FE2FB /* CoreGraphics.framework in Frameworks */,
				24935B99192568A4006FE2FB /* UIKit.framework in Frameworks */,
				24935B95192568A4006FE2FB /* Foundation.framework in Frameworks */,
			);
			runOnlyForDeploymentPostprocessing = 0;
		};
		24935BAF192568A5006FE2FB /* Frameworks */ = {
			isa = PBXFrameworksBuildPhase;
			buildActionMask = 2147483647;
			files = (
				24935BB4192568A5006FE2FB /* XCTest.framework in Frameworks */,
				24935BB6192568A5006FE2FB /* UIKit.framework in Frameworks */,
				24935BB5192568A5006FE2FB /* Foundation.framework in Frameworks */,
			);
			runOnlyForDeploymentPostprocessing = 0;
		};
/* End PBXFrameworksBuildPhase section */

/* Begin PBXGroup section */
		24935B88192568A4006FE2FB = {
			isa = PBXGroup;
			children = (
				24935B9A192568A4006FE2FB /* polishMath */,
				24935BB9192568A5006FE2FB /* polishMathTests */,
				24935B93192568A4006FE2FB /* Frameworks */,
				24935B92192568A4006FE2FB /* Products */,
			);
			sourceTree = "<group>";
		};
		24935B92192568A4006FE2FB /* Products */ = {
			isa = PBXGroup;
			children = (
				24935B91192568A4006FE2FB /* polishMath.app */,
				24935BB2192568A5006FE2FB /* polishMathTests.xctest */,
			);
			name = Products;
			sourceTree = "<group>";
		};
		24935B93192568A4006FE2FB /* Frameworks */ = {
			isa = PBXGroup;
			children = (
				24935B94192568A4006FE2FB /* Foundation.framework */,
				24935B96192568A4006FE2FB /* CoreGraphics.framework */,
				24935B98192568A4006FE2FB /* UIKit.framework */,
				24935BB3192568A5006FE2FB /* XCTest.framework */,
			);
			name = Frameworks;
			sourceTree = "<group>";
		};
		24935B9A192568A4006FE2FB /* polishMath */ = {
			isa = PBXGroup;
			children = (
				24935BA3192568A4006FE2FB /* MRCAppDelegate.h */,
				24935BA4192568A5006FE2FB /* MRCAppDelegate.m */,
				24935BA6192568A5006FE2FB /* Main.storyboard */,
				24935BA9192568A5006FE2FB /* MRCViewController.h */,
				24935BAA192568A5006FE2FB /* MRCViewController.m */,
				24935BC919256903006FE2FB /* MRCPolishCalculator.h */,
				24935BCA19256903006FE2FB /* MRCPolishCalculator.m */,
				24935BAC192568A5006FE2FB /* Images.xcassets */,
				24935B9B192568A4006FE2FB /* Supporting Files */,
			);
			path = polishMath;
			sourceTree = "<group>";
		};
		24935B9B192568A4006FE2FB /* Supporting Files */ = {
			isa = PBXGroup;
			children = (
				24935B9C192568A4006FE2FB /* polishMath-Info.plist */,
				24935B9D192568A4006FE2FB /* InfoPlist.strings */,
				24935BA0192568A4006FE2FB /* main.m */,
				24935BA2192568A4006FE2FB /* polishMath-Prefix.pch */,
			);
			name = "Supporting Files";
			sourceTree = "<group>";
		};
		24935BB9192568A5006FE2FB /* polishMathTests */ = {
			isa = PBXGroup;
			children = (
				24935BBF192568A5006FE2FB /* polishMathTests.m */,
				24935BBA192568A5006FE2FB /* Supporting Files */,
			);
			path = polishMathTests;
			sourceTree = "<group>";
		};
		24935BBA192568A5006FE2FB /* Supporting Files */ = {
			isa = PBXGroup;
			children = (
				24935BBB192568A5006FE2FB /* polishMathTests-Info.plist */,
				24935BBC192568A5006FE2FB /* InfoPlist.strings */,
			);
			name = "Supporting Files";
			sourceTree = "<group>";
		};
/* End PBXGroup section */

/* Begin PBXNativeTarget section */
		24935B90192568A4006FE2FB /* polishMath */ = {
			isa = PBXNativeTarget;
			buildConfigurationList = 24935BC3192568A5006FE2FB /* Build configuration list for PBXNativeTarget "polishMath" */;
			buildPhases = (
				24935B8D192568A4006FE2FB /* Sources */,
				24935B8E192568A4006FE2FB /* Frameworks */,
				24935B8F192568A4006FE2FB /* Resources */,
			);
			buildRules = (
			);
			dependencies = (
			);
			name = polishMath;
			productName = polishMath;
			productReference = 24935B91192568A4006FE2FB /* polishMath.app */;
			productType = "com.apple.product-type.application";
		};
		24935BB1192568A5006FE2FB /* polishMathTests */ = {
			isa = PBXNativeTarget;
			buildConfigurationList = 24935BC6192568A5006FE2FB /* Build configuration list for PBXNativeTarget "polishMathTests" */;
			buildPhases = (
				24935BAE192568A5006FE2FB /* Sources */,
				24935BAF192568A5006FE2FB /* Frameworks */,
				24935BB0192568A5006FE2FB /* Resources */,
			);
			buildRules = (
			);
			dependencies = (
				24935BB8192568A5006FE2FB /* PBXTargetDependency */,
			);
			name = polishMathTests;
			productName = polishMathTests;
			productReference = 24935BB2192568A5006FE2FB /* polishMathTests.xctest */;
			productType = "com.apple.product-type.bundle.unit-test";
		};
/* End PBXNativeTarget section */

/* Begin PBXProject section */
		24935B89192568A4006FE2FB /* Project object */ = {
			isa = PBXProject;
			attributes = {
				CLASSPREFIX = MRC;
				LastUpgradeCheck = 0510;
				ORGANIZATIONNAME = "mathew cruz";
				TargetAttributes = {
					24935BB1192568A5006FE2FB = {
						TestTargetID = 24935B90192568A4006FE2FB;
					};
				};
			};
			buildConfigurationList = 24935B8C192568A4006FE2FB /* Build configuration list for PBXProject "polishMath" */;
			compatibilityVersion = "Xcode 3.2";
			developmentRegion = English;
			hasScannedForEncodings = 0;
			knownRegions = (
				en,
				Base,
			);
			mainGroup = 24935B88192568A4006FE2FB;
			productRefGroup = 24935B92192568A4006FE2FB /* Products */;
			projectDirPath = "";
			projectRoot = "";
			targets = (
				24935B90192568A4006FE2FB /* polishMath */,
				24935BB1192568A5006FE2FB /* polishMathTests */,
			);
		};
/* End PBXProject section */

/* Begin PBXResourcesBuildPhase section */
		24935B8F192568A4006FE2FB /* Resources */ = {
			isa = PBXResourcesBuildPhase;
			buildActionMask = 2147483647;
			files = (
				24935BAD192568A5006FE2FB /* Images.xcassets in Resources */,
				24935B9F192568A4006FE2FB /* InfoPlist.strings in Resources */,
				24935BA8192568A5006FE2FB /* Main.storyboard in Resources */,
			);
			runOnlyForDeploymentPostprocessing = 0;
		};
		24935BB0192568A5006FE2FB /* Resources */ = {
			isa = PBXResourcesBuildPhase;
			buildActionMask = 2147483647;
			files = (
				24935BBE192568A5006FE2FB /* InfoPlist.strings in Resources */,
			);
			runOnlyForDeploymentPostprocessing = 0;
		};
/* End PBXResourcesBuildPhase section */

/* Begin PBXSourcesBuildPhase section */
		24935B8D192568A4006FE2FB /* Sources */ = {
			isa = PBXSourcesBuildPhase;
			buildActionMask = 2147483647;
			files = (
				24935BA1192568A4006FE2FB /* main.m in Sources */,
				24935BA5192568A5006FE2FB /* MRCAppDelegate.m in Sources */,
				24935BAB192568A5006FE2FB /* MRCViewController.m in Sources */,
				24935BCB19256903006FE2FB /* MRCPolishCalculator.m in Sources */,
			);
			runOnlyForDeploymentPostprocessing = 0;
		};
		24935BAE192568A5006FE2FB /* Sources */ = {
			isa = PBXSourcesBuildPhase;
			buildActionMask = 2147483647;
			files = (
				24935BC0192568A5006FE2FB /* polishMathTests.m in Sources */,
				24935BCC19256903006FE2FB /* MRCPolishCalculator.m in Sources */,
			);
			runOnlyForDeploymentPostprocessing = 0;
		};
/* End PBXSourcesBuildPhase section */

/* Begin PBXTargetDependency section */
		24935BB8192568A5006FE2FB /* PBXTargetDependency */ = {
			isa = PBXTargetDependency;
			target = 24935B90192568A4006FE2FB /* polishMath */;
			targetProxy = 24935BB7192568A5006FE2FB /* PBXContainerItemProxy */;
		};
/* End PBXTargetDependency section */

/* Begin PBXVariantGroup section */
		24935B9D192568A4006FE2FB /* InfoPlist.strings */ = {
			isa = PBXVariantGroup;
			children = (
				24935B9E192568A4006FE2FB /* en */,
			);
			name = InfoPlist.strings;
			sourceTree = "<group>";
		};
		24935BA6192568A5006FE2FB /* Main.storyboard */ = {
			isa = PBXVariantGroup;
			children = (
				24935BA7192568A5006FE2FB /* Base */,
			);
			name = Main.storyboard;
			sourceTree = "<group>";
		};
		24935BBC192568A5006FE2FB /* InfoPlist.strings */ = {
			isa = PBXVariantGroup;
			children = (
				24935BBD192568A5006FE2FB /* en */,
			);
			name = InfoPlist.strings;
			sourceTree = "<group>";
		};
/* End PBXVariantGroup section */

/* Begin XCBuildConfiguration section */
		24935BC1192568A5006FE2FB /* Debug */ = {
			isa = XCBuildConfiguration;
			buildSettings = {
				ALWAYS_SEARCH_USER_PATHS = NO;
				CLANG_CXX_LANGUAGE_STANDARD = "gnu++0x";
				CLANG_CXX_LIBRARY = "libc++";
				CLANG_ENABLE_MODULES = YES;
				CLANG_ENABLE_OBJC_ARC = YES;
				CLANG_WARN_BOOL_CONVERSION = YES;
				CLANG_WARN_CONSTANT_CONVERSION = YES;
				CLANG_WARN_DIRECT_OBJC_ISA_USAGE = YES_ERROR;
				CLANG_WARN_EMPTY_BODY = YES;
				CLANG_WARN_ENUM_CONVERSION = YES;
				CLANG_WARN_INT_CONVERSION = YES;
				CLANG_WARN_OBJC_ROOT_CLASS = YES_ERROR;
				CLANG_WARN__DUPLICATE_METHOD_MATCH = YES;
				"CODE_SIGN_IDENTITY[sdk=iphoneos*]" = "iPhone Developer";
				COPY_PHASE_STRIP = NO;
				GCC_C_LANGUAGE_STANDARD = gnu99;
				GCC_DYNAMIC_NO_PIC = NO;
				GCC_OPTIMIZATION_LEVEL = 0;
				GCC_PREPROCESSOR_DEFINITIONS = (
					"DEBUG=1",
					"$(inherited)",
				);
				GCC_SYMBOLS_PRIVATE_EXTERN = NO;
				GCC_WARN_64_TO_32_BIT_CONVERSION = YES;
				GCC_WARN_ABOUT_RETURN_TYPE = YES_ERROR;
				GCC_WARN_UNDECLARED_SELECTOR = YES;
				GCC_WARN_UNINITIALIZED_AUTOS = YES_AGGRESSIVE;
				GCC_WARN_UNUSED_FUNCTION = YES;
				GCC_WARN_UNUSED_VARIABLE = YES;
				IPHONEOS_DEPLOYMENT_TARGET = 7.1;
				ONLY_ACTIVE_ARCH = YES;
				SDKROOT = iphoneos;
			};
			name = Debug;
		};
		24935BC2192568A5006FE2FB /* Release */ = {
			isa = XCBuildConfiguration;
			buildSettings = {
				ALWAYS_SEARCH_USER_PATHS = NO;
				CLANG_CXX_LANGUAGE_STANDARD = "gnu++0x";
				CLANG_CXX_LIBRARY = "libc++";
				CLANG_ENABLE_MODULES = YES;
				CLANG_ENABLE_OBJC_ARC = YES;
				CLANG_WARN_BOOL_CONVERSION = YES;
				CLANG_WARN_CONSTANT_CONVERSION = YES;
				CLANG_WARN_DIRECT_OBJC_ISA_USAGE = YES_ERROR;
				CLANG_WARN_EMPTY_BODY = YES;
				CLANG_WARN_ENUM_CONVERSION = YES;
				CLANG_WARN_INT_CONVERSION = YES;
				CLANG_WARN_OBJC_ROOT_CLASS = YES_ERROR;
				CLANG_WARN__DUPLICATE_METHOD_MATCH = YES;
				"CODE_SIGN_IDENTITY[sdk=iphoneos*]" = "iPhone Developer";
				COPY_PHASE_STRIP = YES;
				ENABLE_NS_ASSERTIONS = NO;
				GCC_C_LANGUAGE_STANDARD = gnu99;
				GCC_WARN_64_TO_32_BIT_CONVERSION = YES;
				GCC_WARN_ABOUT_RETURN_TYPE = YES_ERROR;
				GCC_WARN_UNDECLARED_SELECTOR = YES;
				GCC_WARN_UNINITIALIZED_AUTOS = YES_AGGRESSIVE;
				GCC_WARN_UNUSED_FUNCTION = YES;
				GCC_WARN_UNUSED_VARIABLE = YES;
				IPHONEOS_DEPLOYMENT_TARGET = 7.1;
				SDKROOT = iphoneos;
				VALIDATE_PRODUCT = YES;
			};
			name = Release;
		};
		24935BC4192568A5006FE2FB /* Debug */ = {
			isa = XCBuildConfiguration;
			buildSettings = {
				ASSETCATALOG_COMPILER_APPICON_NAME = AppIcon;
				ASSETCATALOG_COMPILER_LAUNCHIMAGE_NAME = LaunchImage;
				GCC_PRECOMPILE_PREFIX_HEADER = YES;
				GCC_PREFIX_HEADER = "polishMath/polishMath-Prefix.pch";
				INFOPLIST_FILE = "polishMath/polishMath-Info.plist";
				PRODUCT_NAME = "$(TARGET_NAME)";
				WRAPPER_EXTENSION = app;
			};
			name = Debug;
		};
		24935BC5192568A5006FE2FB /* Release */ = {
			isa = XCBuildConfiguration;
			buildSettings = {
				ASSETCATALOG_COMPILER_APPICON_NAME = AppIcon;
				ASSETCATALOG_COMPILER_LAUNCHIMAGE_NAME = LaunchImage;
				GCC_PRECOMPILE_PREFIX_HEADER = YES;
				GCC_PREFIX_HEADER = "polishMath/polishMath-Prefix.pch";
				INFOPLIST_FILE = "polishMath/polishMath-Info.plist";
				PRODUCT_NAME = "$(TARGET_NAME)";
				WRAPPER_EXTENSION = app;
			};
			name = Release;
		};
		24935BC7192568A5006FE2FB /* Debug */ = {
			isa = XCBuildConfiguration;
			buildSettings = {
				BUNDLE_LOADER = "$(BUILT_PRODUCTS_DIR)/polishMath.app/polishMath";
				FRAMEWORK_SEARCH_PATHS = (
					"$(SDKROOT)/Developer/Library/Frameworks",
					"$(inherited)",
					"$(DEVELOPER_FRAMEWORKS_DIR)",
				);
				GCC_PRECOMPILE_PREFIX_HEADER = YES;
				GCC_PREFIX_HEADER = "polishMath/polishMath-Prefix.pch";
				GCC_PREPROCESSOR_DEFINITIONS = (
					"DEBUG=1",
					"$(inherited)",
				);
				INFOPLIST_FILE = "polishMathTests/polishMathTests-Info.plist";
				PRODUCT_NAME = "$(TARGET_NAME)";
				TEST_HOST = "$(BUNDLE_LOADER)";
				WRAPPER_EXTENSION = xctest;
			};
			name = Debug;
		};
		24935BC8192568A5006FE2FB /* Release */ = {
			isa = XCBuildConfiguration;
			buildSettings = {
				BUNDLE_LOADER = "$(BUILT_PRODUCTS_DIR)/polishMath.app/polishMath";
				FRAMEWORK_SEARCH_PATHS = (
					"$(SDKROOT)/Developer/Library/Frameworks",
					"$(inherited)",
					"$(DEVELOPER_FRAMEWORKS_DIR)",
				);
				GCC_PRECOMPILE_PREFIX_HEADER = YES;
				GCC_PREFIX_HEADER = "polishMath/polishMath-Prefix.pch";
				INFOPLIST_FILE = "polishMathTests/polishMathTests-Info.plist";
				PRODUCT_NAME = "$(TARGET_NAME)";
				TEST_HOST = "$(BUNDLE_LOADER)";
				WRAPPER_EXTENSION = xctest;
			};
			name = Release;
		};
/* End XCBuildConfiguration section */

/* Begin XCConfigurationList section */
		24935B8C192568A4006FE2FB /* Build configuration list for PBXProject "polishMath" */ = {
			isa = XCConfigurationList;
			buildConfigurations = (
				24935BC1192568A5006FE2FB /* Debug */,
				24935BC2192568A5006FE2FB /* Release */,
			);
			defaultConfigurationIsVisible = 0;
			defaultConfigurationName = Release;
		};
		24935BC3192568A5006FE2FB /* Build configuration list for PBXNativeTarget "polishMath" */ = {
			isa = XCConfigurationList;
			buildConfigurations = (
				24935BC4192568A5006FE2FB /* Debug */,
				24935BC5192568A5006FE2FB /* Release */,
			);
			defaultConfigurationIsVisible = 0;
		};
		24935BC6192568A5006FE2FB /* Build configuration list for PBXNativeTarget "polishMathTests" */ = {
			isa = XCConfigurationList;
			buildConfigurations = (
				24935BC7192568A5006FE2FB /* Debug */,
				24935BC8192568A5006FE2FB /* Release */,
			);
			defaultConfigurationIsVisible = 0;
		};
/* End XCConfigurationList section */
	};
	rootObject = 24935B89192568A4006FE2FB /* Project object */;
}
